#
# This file is autogenerated by pip-compile with Python 3.14
# by the following command:
#
#    pip-compile --cert=None --client-cert=None --generate-hashes --index-url=None --no-emit-index-url --no-index --output-file=.harness/ci/requirements.lock --pip-args=None .harness/ci/requirements.in
#
iniconfig==2.3.0 \
    --hash=sha256:c76315c77db068650d49c5b56314774a7804df16fee4402c1f19d6d15d8c4730 \
    --hash=sha256:f631c04d2c48c52b84d0d0549c99ff3859c98df65b3101406327ecc7d53fbf12
    # via
    #   -r .harness/tests/requirements.txt
    #   pytest
nodeenv==1.11.0 \
    --hash=sha256:3ce8fe5b71d16e8af7039ca65257354100bc772965d6bc549070649e53b1b146 \
    --hash=sha256:edaa16e6c14d7cf395d75d4bbd5a26390f4dc06501a33b4e76282b02cc688a25
    # via pyright
packaging==26.3 \
    --hash=sha256:94edc256424af38762eb31306eed28beb9f0efc50a8837492c9d6fd6004aed79 \
    --hash=sha256:d7193f7c8e4e93f444fde0262bf90af30e16fa0ad0ad44cb553c87339b23cd1c
    # via
    #   -r .harness/tests/requirements.txt
    #   pytest
pluggy==1.6.0 \
    --hash=sha256:7dcc130b76258d33b90f61b658791dede3486c3e6bfb003ee5c9bfb396dd22f3 \
    --hash=sha256:e920276dd6813095e9377c0bc5566d94c932c33b27a3e3945d8389c374dd4746
    # via
    #   -r .harness/tests/requirements.txt
    #   pytest
pygments==2.21.0 \
    --hash=sha256:2363c69b61c4a97c838da3b130dcd6468f4848992b21a82f2a63ec34377137d9 \
    --hash=sha256:610ca751c9bc2492b38eb9a38a7fbc93edbbb2d7182edaf34e66ae493dee5c8c
    # via
    #   -r .harness/tests/requirements.txt
    #   pytest
pyright==1.1.407 \
    --hash=sha256:099674dba5c10489832d4a4b2d302636152a9a42d317986c38474c76fe562262 \
    --hash=sha256:6dd419f54fcc13f03b52285796d65e639786373f433e243f8b94cf93a7444d21
    # via -r .harness/ci/requirements.in
pytest==8.4.2 \
    --hash=sha256:86c0d0b93306b961d58d62a4db4879f27fe25513d4b969df351abdddb3c30e01 \
    --hash=sha256:872f880de3fc3a5bdc88a11b39c9710c3497a547cfa9320bc3c5e62fbf272e79
    # via -r .harness/tests/requirements.txt
ruff==0.14.0 \
    --hash=sha256:16b68e183a0e28e5c176d51004aaa40559e8f90065a10a559176713fcf435206 \
    --hash=sha256:30a58c087aef4584c193aebf2700f0fbcfc1e77b89c7385e3139956fa90434e2 \
    --hash=sha256:3ba9a8925e90f861502f7d974cc60e18ca29c72bb0ee8bfeabb6ade35a3abde7 \
    --hash=sha256:4c63b2d99fafa05efca0ab198fd48fa6030d57e4423df3f18e03aa62518c565f \
    --hash=sha256:58e15bffa7054299becf4bab8a1187062c6f8cafbe9f6e39e0d5aface455d6b3 \
    --hash=sha256:62ec8969b7510f77945df916de15da55311fade8d6050995ff7f680afe582c57 \
    --hash=sha256:668fce701b7a222f3f5327f86909db2bbe99c30877c8001ff934c5413812ac02 \
    --hash=sha256:703799d059ba50f745605b04638fa7e9682cc3da084b2092feee63500ff3d9b8 \
    --hash=sha256:7450a243d7125d1c032cb4b93d9625dea46c8c42b4f06c6b709baac168e10543 \
    --hash=sha256:7eb0499a2e01f6e0c285afc5bac43ab380cbfc17cd43a2e1dd10ec97d6f2c42d \
    --hash=sha256:838d1b065f4df676b7c9957992f2304e41ead7a50a568185efd404297d5701e8 \
    --hash=sha256:a86bf575e05cb68dcb34e4c7dfe1064d44d3f0c04bbc0491949092192b515296 \
    --hash=sha256:c958f66ab884b7873e72df38dcabee03d556a8f2ee1b8538ee1c2bbd619883dd \
    --hash=sha256:e41f785498bd200ffc276eb9e1570c019c1d907b07cfb081092c8ad51975bbe7 \
    --hash=sha256:ea95da28cd874c4d9c922b39381cbd69cb7e7b49c21b8152b014bd4f52acddc2 \
    --hash=sha256:eb732d17db2e945cfcbbc52af0143eda1da36ca8ae25083dd4f66f1542fdf82e \
    --hash=sha256:eec3bbbf3a7d5482b5c1f42d5fc972774d71d107d447919fca620b0be3e3b75e \
    --hash=sha256:f42c9495f5c13ff841b1da4cb3c2a42075409592825dada7c5885c2c844ac730 \
    --hash=sha256:f8d07350bc7af0a5ce8812b7d5c1a7293cf02476752f23fdfc500d24b79b783c
    # via -r .harness/ci/requirements.in
typing-extensions==4.16.0 \
    --hash=sha256:481caa481374e813c1b176ada14e97f1f67a4539ce9cfeb3f350d78d6370c2e8 \
    --hash=sha256:dc983d19a509c94dba722ee6abd33940f7c05a89e243c47e907eb4db6f1a43e5
    # via pyright
